
Microsoft Visual Studio Solution File, Format Version 12.00
# Visual Studio Version 18
VisualStudioVersion = 18.5.11626.173
MinimumVisualStudioVersion = 10.0.40219.1
Project("{2150E333-8FDC-42A3-9474-1A3956D46DE8}") = "wrench.cadastro", "wrench.cadastro", "{3DCBF5AA-4103-490C-BB2E-520B6338BF1A}"
EndProject
Project("{2150E333-8FDC-42A3-9474-1A3956D46DE8}") = "wrench.core", "wrench.core", "{2CCD1FD5-CB8F-4C8D-BE0F-70054251DF55}"
EndProject
Project("{FAE04EC0-301F-11D3-BF4B-00C04F79EFBC}") = "wrench.auto.repair.core", "src\wrench.auto.repair.core\wrench.auto.repair.core.csproj", "{B3EC27D3-D2EE-44DF-AB39-EF7CE7B280D4}"
EndProject
Project("{FAE04EC0-301F-11D3-BF4B-00C04F79EFBC}") = "wrench.auto.repair.cadastro.domain", "src\wrench.auto.repair.cadastro.domain\wrench.auto.repair.cadastro.domain.csproj", "{9B3C4B4A-44FD-40F6-8376-7B84091CC174}"
EndProject
Project("{2150E333-8FDC-42A3-9474-1A3956D46DE8}") = "wrench.estoque", "wrench.estoque", "{BC17499A-3521-4DAA-8DF2-A531E7EF064A}"
EndProject
Project("{2150E333-8FDC-42A3-9474-1A3956D46DE8}") = "wrench.ordem.servico", "wrench.ordem.servico", "{236A9D7D-035C-4DBD-9CF1-88B13C1DBAEA}"
EndProject
Project("{FAE04EC0-301F-11D3-BF4B-00C04F79EFBC}") = "wrench.auto.repair.cadastro.application", "src\wrench.auto.repair.cadastro.application\wrench.auto.repair.cadastro.application.csproj", "{276C95F5-0DAA-480F-8201-B3649BF1AE6A}"
EndProject
Project("{FAE04EC0-301F-11D3-BF4B-00C04F79EFBC}") = "wrench.auto.repair.cadastro.infra", "src\wrench.auto.repair.cadastro.infra\wrench.auto.repair.cadastro.infra.csproj", "{3CB8EE69-ECB6-4BCC-9211-A01DCCE6FAAA}"
EndProject
Project("{2150E333-8FDC-42A3-9474-1A3956D46DE8}") = "wrench.web", "wrench.web", "{0CCE5DED-25C7-4AD2-BAB3-E721FAE67CB2}"
EndProject
Project("{FAE04EC0-301F-11D3-BF4B-00C04F79EFBC}") = "wrench.web.api", "src\wrench.web.api\wrench.web.api.csproj", "{DD66452C-DB7A-49E8-835A-37368885C88A}"
EndProject
Project("{2150E333-8FDC-42A3-9474-1A3956D46DE8}") = "Tests", "Tests", "{CB1750C5-BEA4-4645-9859-C1B40E99AAEF}"
EndProject
Project("{2150E333-8FDC-42A3-9474-1A3956D46DE8}") = "Tests", "Tests", "{C8E1F5DF-1B08-4122-BD1B-700D2EE06EB2}"
EndProject
Project("{2150E333-8FDC-42A3-9474-1A3956D46DE8}") = "Tests", "Tests", "{5E6AD4BA-E4EB-4E18-BED4-484EF94514F7}"
EndProject
Project("{2150E333-8FDC-42A3-9474-1A3956D46DE8}") = "Tests", "Tests", "{8C7B9B71-B651-476D-B41E-DD2B4BBB64B0}"
EndProject
Project("{FAE04EC0-301F-11D3-BF4B-00C04F79EFBC}") = "wrench.auto.repair.estoque.application", "src\wrench.auto.repair.estoque.application\wrench.auto.repair.estoque.application.csproj", "{40A6153A-9034-4509-BB56-A4B3D7FF133A}"
EndProject
Project("{FAE04EC0-301F-11D3-BF4B-00C04F79EFBC}") = "wrench.auto.repair.estoque.domain", "src\wrench.auto.repair.estoque.domain\wrench.auto.repair.estoque.domain.csproj", "{3D9D9A87-F5F5-4779-B557-52E0249FC20D}"
EndProject
Project("{FAE04EC0-301F-11D3-BF4B-00C04F79EFBC}") = "wrench.auto.repair.estoque.infra", "src\wrench.auto.repair.estoque.infra\wrench.auto.repair.estoque.infra.csproj", "{BB696098-A98A-41C9-B954-AFD20B77A19B}"
EndProject
Project("{FAE04EC0-301F-11D3-BF4B-00C04F79EFBC}") = "wrench.auto.repair.ordem.servico.application", "src\wrench.auto.repair.ordem.servico.application\wrench.auto.repair.ordem.servico.application.csproj", "{5712D35E-10AA-4F54-AFC7-18C6781C415F}"
EndProject
Project("{FAE04EC0-301F-11D3-BF4B-00C04F79EFBC}") = "wrench.web.api.integration.tests", "tests\wrench.web.api.integration.tests\wrench.web.api.integration.tests.csproj", "{D8C547B6-53C4-4C20-B508-CDE64D255A25}"
EndProject
Project("{FAE04EC0-301F-11D3-BF4B-00C04F79EFBC}") = "wrench.auto.repair.ordem.servico.infra", "src\wrench.auto.repair.ordem.servico.infra\wrench.auto.repair.ordem.servico.infra.csproj", "{1833332F-3211-B89C-07DF-347A7E5AADA3}"
EndProject
Project("{2150E333-8FDC-42A3-9474-1A3956D46DE8}") = "Tests", "Tests", "{1DEE0715-60D0-4A5C-A097-40D34619315B}"
EndProject
Project("{FAE04EC0-301F-11D3-BF4B-00C04F79EFBC}") = "wrench.auto.repair.core.tests", "tests\wrench.auto.repair.core.tests\wrench.auto.repair.core.tests.csproj", "{37591B86-3A17-4B90-A56A-2C0F6AA1B01E}"
EndProject
Project("{FAE04EC0-301F-11D3-BF4B-00C04F79EFBC}") = "wrench.auto.repair.cadastro.domain.tests", "tests\wrench.auto.repair.cadastro.domain.tests\wrench.auto.repair.cadastro.domain.tests.csproj", "{16D81E17-80A0-4A61-B822-7021701BC1DB}"
EndProject
Project("{FAE04EC0-301F-11D3-BF4B-00C04F79EFBC}") = "wrench.auto.repair.ordem.servico.domain", "src\wrench.auto.repair.ordem.servico.domain\wrench.auto.repair.ordem.servico.domain.csproj", "{54C6362C-DEA3-2347-BE5E-A6DD2D098A27}"
EndProject
Global
	GlobalSection(SolutionConfigurationPlatforms) = preSolution
		Debug|Any CPU = Debug|Any CPU
		Release|Any CPU = Release|Any CPU
	EndGlobalSection
	GlobalSection(ProjectConfigurationPlatforms) = postSolution
		{B3EC27D3-D2EE-44DF-AB39-EF7CE7B280D4}.Debug|Any CPU.ActiveCfg = Debug|Any CPU
		{B3EC27D3-D2EE-44DF-AB39-EF7CE7B280D4}.Debug|Any CPU.Build.0 = Debug|Any CPU
		{B3EC27D3-D2EE-44DF-AB39-EF7CE7B280D4}.Release|Any CPU.ActiveCfg = Release|Any CPU
		{B3EC27D3-D2EE-44DF-AB39-EF7CE7B280D4}.Release|Any CPU.Build.0 = Release|Any CPU
		{9B3C4B4A-44FD-40F6-8376-7B84091CC174}.Debug|Any CPU.ActiveCfg = Debug|Any CPU
		{9B3C4B4A-44FD-40F6-8376-7B84091CC174}.Debug|Any CPU.Build.0 = Debug|Any CPU
		{9B3C4B4A-44FD-40F6-8376-7B84091CC174}.Release|Any CPU.ActiveCfg = Release|Any CPU
		{9B3C4B4A-44FD-40F6-8376-7B84091CC174}.Release|Any CPU.Build.0 = Release|Any CPU
		{276C95F5-0DAA-480F-8201-B3649BF1AE6A}.Debug|Any CPU.ActiveCfg = Debug|Any CPU
		{276C95F5-0DAA-480F-8201-B3649BF1AE6A}.Debug|Any CPU.Build.0 = Debug|Any CPU
		{276C95F5-0DAA-480F-8201-B3649BF1AE6A}.Release|Any CPU.ActiveCfg = Release|Any CPU
		{276C95F5-0DAA-480F-8201-B3649BF1AE6A}.Release|Any CPU.Build.0 = Release|Any CPU
		{3CB8EE69-ECB6-4BCC-9211-A01DCCE6FAAA}.Debug|Any CPU.ActiveCfg = Debug|Any CPU
		{3CB8EE69-ECB6-4BCC-9211-A01DCCE6FAAA}.Debug|Any CPU.Build.0 = Debug|Any CPU
		{3CB8EE69-ECB6-4BCC-9211-A01DCCE6FAAA}.Release|Any CPU.ActiveCfg = Release|Any CPU
		{3CB8EE69-ECB6-4BCC-9211-A01DCCE6FAAA}.Release|Any CPU.Build.0 = Release|Any CPU
		{DD66452C-DB7A-49E8-835A-37368885C88A}.Debug|Any CPU.ActiveCfg = Debug|Any CPU
		{DD66452C-DB7A-49E8-835A-37368885C88A}.Debug|Any CPU.Build.0 = Debug|Any CPU
		{DD66452C-DB7A-49E8-835A-37368885C88A}.Release|Any CPU.ActiveCfg = Release|Any CPU
		{DD66452C-DB7A-49E8-835A-37368885C88A}.Release|Any CPU.Build.0 = Release|Any CPU
		{40A6153A-9034-4509-BB56-A4B3D7FF133A}.Debug|Any CPU.ActiveCfg = Debug|Any CPU
		{40A6153A-9034-4509-BB56-A4B3D7FF133A}.Debug|Any CPU.Build.0 = Debug|Any CPU
		{40A6153A-9034-4509-BB56-A4B3D7FF133A}.Release|Any CPU.ActiveCfg = Release|Any CPU
		{40A6153A-9034-4509-BB56-A4B3D7FF133A}.Release|Any CPU.Build.0 = Release|Any CPU
		{3D9D9A87-F5F5-4779-B557-52E0249FC20D}.Debug|Any CPU.ActiveCfg = Debug|Any CPU
		{3D9D9A87-F5F5-4779-B557-52E0249FC20D}.Debug|Any CPU.Build.0 = Debug|Any CPU
		{3D9D9A87-F5F5-4779-B557-52E0249FC20D}.Release|Any CPU.ActiveCfg = Release|Any CPU
		{3D9D9A87-F5F5-4779-B557-52E0249FC20D}.Release|Any CPU.Build.0 = Release|Any CPU
		{BB696098-A98A-41C9-B954-AFD20B77A19B}.Debug|Any CPU.ActiveCfg = Debug|Any CPU
		{BB696098-A98A-41C9-B954-AFD20B77A19B}.Debug|Any CPU.Build.0 = Debug|Any CPU
		{BB696098-A98A-41C9-B954-AFD20B77A19B}.Release|Any CPU.ActiveCfg = Release|Any CPU
		{BB696098-A98A-41C9-B954-AFD20B77A19B}.Release|Any CPU.Build.0 = Release|Any CPU
		{5712D35E-10AA-4F54-AFC7-18C6781C415F}.Debug|Any CPU.ActiveCfg = Debug|Any CPU
		{5712D35E-10AA-4F54-AFC7-18C6781C415F}.Debug|Any CPU.Build.0 = Debug|Any CPU
		{5712D35E-10AA-4F54-AFC7-18C6781C415F}.Release|Any CPU.ActiveCfg = Release|Any CPU
		{5712D35E-10AA-4F54-AFC7-18C6781C415F}.Release|Any CPU.Build.0 = Release|Any CPU
		{D630555F-F947-4DB0-814E-E79DBB3D80B2}.Debug|Any CPU.ActiveCfg = Debug|Any CPU
		{D630555F-F947-4DB0-814E-E79DBB3D80B2}.Debug|Any CPU.Build.0 = Debug|Any CPU
		{D630555F-F947-4DB0-814E-E79DBB3D80B2}.Release|Any CPU.ActiveCfg = Release|Any CPU
		{D630555F-F947-4DB0-814E-E79DBB3D80B2}.Release|Any CPU.Build.0 = Release|Any CPU
		{0DF34896-4456-4986-9A79-27F51AB4D48C}.Debug|Any CPU.ActiveCfg = Debug|Any CPU
		{0DF34896-4456-4986-9A79-27F51AB4D48C}.Debug|Any CPU.Build.0 = Debug|Any CPU
		{0DF34896-4456-4986-9A79-27F51AB4D48C}.Release|Any CPU.ActiveCfg = Release|Any CPU
		{0DF34896-4456-4986-9A79-27F51AB4D48C}.Release|Any CPU.Build.0 = Release|Any CPU
		{37591B86-3A17-4B90-A56A-2C0F6AA1B01E}.Debug|Any CPU.ActiveCfg = Debug|Any CPU
		{37591B86-3A17-4B90-A56A-2C0F6AA1B01E}.Debug|Any CPU.Build.0 = Debug|Any CPU
		{37591B86-3A17-4B90-A56A-2C0F6AA1B01E}.Release|Any CPU.ActiveCfg = Release|Any CPU
		{37591B86-3A17-4B90-A56A-2C0F6AA1B01E}.Release|Any CPU.Build.0 = Release|Any CPU
		{16D81E17-80A0-4A61-B822-7021701BC1DB}.Debug|Any CPU.ActiveCfg = Debug|Any CPU
		{16D81E17-80A0-4A61-B822-7021701BC1DB}.Debug|Any CPU.Build.0 = Debug|Any CPU
		{16D81E17-80A0-4A61-B822-7021701BC1DB}.Release|Any CPU.ActiveCfg = Release|Any CPU
		{16D81E17-80A0-4A61-B822-7021701BC1DB}.Release|Any CPU.Build.0 = Release|Any CPU
		{D8C547B6-53C4-4C20-B508-CDE64D255A25}.Debug|Any CPU.ActiveCfg = Debug|Any CPU
		{D8C547B6-53C4-4C20-B508-CDE64D255A25}.Debug|Any CPU.Build.0 = Debug|Any CPU
		{D8C547B6-53C4-4C20-B508-CDE64D255A25}.Release|Any CPU.ActiveCfg = Release|Any CPU
		{D8C547B6-53C4-4C20-B508-CDE64D255A25}.Release|Any CPU.Build.0 = Release|Any CPU
		{1833332F-3211-B89C-07DF-347A7E5AADA3}.Debug|Any CPU.ActiveCfg = Debug|Any CPU
		{1833332F-3211-B89C-07DF-347A7E5AADA3}.Debug|Any CPU.Build.0 = Debug|Any CPU
		{1833332F-3211-B89C-07DF-347A7E5AADA3}.Release|Any CPU.ActiveCfg = Release|Any CPU
		{1833332F-3211-B89C-07DF-347A7E5AADA3}.Release|Any CPU.Build.0 = Release|Any CPU
		{54C6362C-DEA3-2347-BE5E-A6DD2D098A27}.Debug|Any CPU.ActiveCfg = Debug|Any CPU
		{54C6362C-DEA3-2347-BE5E-A6DD2D098A27}.Debug|Any CPU.Build.0 = Debug|Any CPU
		{54C6362C-DEA3-2347-BE5E-A6DD2D098A27}.Release|Any CPU.ActiveCfg = Release|Any CPU
		{54C6362C-DEA3-2347-BE5E-A6DD2D098A27}.Release|Any CPU.Build.0 = Release|Any CPU
	EndGlobalSection
	GlobalSection(SolutionProperties) = preSolution
		HideSolutionNode = FALSE
	EndGlobalSection
	GlobalSection(NestedProjects) = preSolution
		{B3EC27D3-D2EE-44DF-AB39-EF7CE7B280D4} = {2CCD1FD5-CB8F-4C8D-BE0F-70054251DF55}
		{9B3C4B4A-44FD-40F6-8376-7B84091CC174} = {3DCBF5AA-4103-490C-BB2E-520B6338BF1A}
		{276C95F5-0DAA-480F-8201-B3649BF1AE6A} = {3DCBF5AA-4103-490C-BB2E-520B6338BF1A}
		{3CB8EE69-ECB6-4BCC-9211-A01DCCE6FAAA} = {3DCBF5AA-4103-490C-BB2E-520B6338BF1A}
		{DD66452C-DB7A-49E8-835A-37368885C88A} = {0CCE5DED-25C7-4AD2-BAB3-E721FAE67CB2}
		{CB1750C5-BEA4-4645-9859-C1B40E99AAEF} = {3DCBF5AA-4103-490C-BB2E-520B6338BF1A}
		{C8E1F5DF-1B08-4122-BD1B-700D2EE06EB2} = {BC17499A-3521-4DAA-8DF2-A531E7EF064A}
		{5E6AD4BA-E4EB-4E18-BED4-484EF94514F7} = {236A9D7D-035C-4DBD-9CF1-88B13C1DBAEA}
		{8C7B9B71-B651-476D-B41E-DD2B4BBB64B0} = {0CCE5DED-25C7-4AD2-BAB3-E721FAE67CB2}
		{40A6153A-9034-4509-BB56-A4B3D7FF133A} = {BC17499A-3521-4DAA-8DF2-A531E7EF064A}
		{3D9D9A87-F5F5-4779-B557-52E0249FC20D} = {BC17499A-3521-4DAA-8DF2-A531E7EF064A}
		{BB696098-A98A-41C9-B954-AFD20B77A19B} = {BC17499A-3521-4DAA-8DF2-A531E7EF064A}
		{5712D35E-10AA-4F54-AFC7-18C6781C415F} = {236A9D7D-035C-4DBD-9CF1-88B13C1DBAEA}
		{D630555F-F947-4DB0-814E-E79DBB3D80B2} = {236A9D7D-035C-4DBD-9CF1-88B13C1DBAEA}
		{0DF34896-4456-4986-9A79-27F51AB4D48C} = {236A9D7D-035C-4DBD-9CF1-88B13C1DBAEA}
		{1DEE0715-60D0-4A5C-A097-40D34619315B} = {2CCD1FD5-CB8F-4C8D-BE0F-70054251DF55}
		{37591B86-3A17-4B90-A56A-2C0F6AA1B01E} = {1DEE0715-60D0-4A5C-A097-40D34619315B}
		{16D81E17-80A0-4A61-B822-7021701BC1DB} = {CB1750C5-BEA4-4645-9859-C1B40E99AAEF}
		{D8C547B6-53C4-4C20-B508-CDE64D255A25} = {8C7B9B71-B651-476D-B41E-DD2B4BBB64B0}
		{1833332F-3211-B89C-07DF-347A7E5AADA3} = {236A9D7D-035C-4DBD-9CF1-88B13C1DBAEA}
		{54C6362C-DEA3-2347-BE5E-A6DD2D098A27} = {236A9D7D-035C-4DBD-9CF1-88B13C1DBAEA}
	EndGlobalSection
	GlobalSection(ExtensibilityGlobals) = postSolution
		SolutionGuid = {090F31A5-4C72-4B0E-AEE7-FA6419FDC637}
	EndGlobalSection
EndGlobal
